
Microsoft Visual Studio Solution File, Format Version 12.00
# Visual Studio 15
Project("{FAE04EC0-301F-11D3-BF4B-00C04F79EFBC}") = "CSProject", "CSProject\CSProject.csproj", "{6191A0AC-369C-4FE5-B6B7-A270FE8E6C35}"
EndProject
Global
	GlobalSection(SolutionConfigurationPlatforms) = preSolution
		Debug|anycpu = Debug|anycpu
		Release|anycpu = Release|anycpu
	EndGlobalSection
	GlobalSection(ProjectConfigurationPlatforms) = postSolution
		{6191A0AC-369C-4FE5-B6B7-A270FE8E6C35}.Debug|anycpu.ActiveCfg = Debug|anycpu
		{6191A0AC-369C-4FE5-B6B7-A270FE8E6C35}.Debug|anycpu.Build.0 = Debug|anycpu
		{6191A0AC-369C-4FE5-B6B7-A270FE8E6C35}.Release|anycpu.ActiveCfg = Release|anycpu
		{6191A0AC-369C-4FE5-B6B7-A270FE8E6C35}.Release|anycpu.Build.0 = Release|anycpu
	EndGlobalSection
EndGlobal
